Microsoft Visual Studio Solution File, Format Version 12.00
# Visual Studio Version 17
VisualStudioVersion = 17.5.33424.131
MinimumVisualStudioVersion = 10.0.40219.1
Project("{FAE04EC0-301F-11D3-BF4B-00C04F79EFBC}") = "ZoneEditSvc", "ZoneEditSvc\ZoneEditSvc.csproj", "{74966522-56E1-4156-88AA-FF52F0ECA6AE}"
EndProject
Project("{FAE04EC0-301F-11D3-BF4B-00C04F79EFBC}") = "ZoneEditCPL", "ZoneEditCPL\ZoneEditCPL.csproj", "{0444AB22-C66A-4FE4-8942-4AD9650BE1B6}"
EndProject
Project("{FAE04EC0-301F-11D3-BF4B-00C04F79EFBC}") = "ZoneEdit", "ZoneEdit\ZoneEdit.csproj", "{5B1BF0B0-8E26-44EE-AB41-AFED741F8AE3}"
EndProject
Project("{FAE04EC0-301F-11D3-BF4B-00C04F79EFBC}") = "Harness", "Harness\Harness.csproj", "{A92BE767-6396-4855-BF82-56C958E65991}"
EndProject
Project("{C7167F0D-BC9F-4E6E-AFE1-012C56B48DB5}") = "ZoneEditServicePackage", "ZoneEditServicePackage\ZoneEditServicePackage.wapproj", "{705A9203-456D-4F19-8B23-B4C873E87778}"
EndProject
Global
	GlobalSection(SolutionConfigurationPlatforms) = preSolution
		CD_ROM|Any CPU = CD_ROM|Any CPU
		CD_ROM|ARM = CD_ROM|ARM
		CD_ROM|ARM64 = CD_ROM|ARM64
		CD_ROM|Mixed Platforms = CD_ROM|Mixed Platforms
		CD_ROM|x64 = CD_ROM|x64
		CD_ROM|x86 = CD_ROM|x86
		Debug|Any CPU = Debug|Any CPU
		Debug|ARM = Debug|ARM
		Debug|ARM64 = Debug|ARM64
		Debug|Mixed Platforms = Debug|Mixed Platforms
		Debug|x64 = Debug|x64
		Debug|x86 = Debug|x86
		DVD-5|Any CPU = DVD-5|Any CPU
		DVD-5|ARM = DVD-5|ARM
		DVD-5|ARM64 = DVD-5|ARM64
		DVD-5|Mixed Platforms = DVD-5|Mixed Platforms
		DVD-5|x64 = DVD-5|x64
		DVD-5|x86 = DVD-5|x86
		Release|Any CPU = Release|Any CPU
		Release|ARM = Release|ARM
		Release|ARM64 = Release|ARM64
		Release|Mixed Platforms = Release|Mixed Platforms
		Release|x64 = Release|x64
		Release|x86 = Release|x86
		SingleImage|Any CPU = SingleImage|Any CPU
		SingleImage|ARM = SingleImage|ARM
		SingleImage|ARM64 = SingleImage|ARM64
		SingleImage|Mixed Platforms = SingleImage|Mixed Platforms
		SingleImage|x64 = SingleImage|x64
		SingleImage|x86 = SingleImage|x86
	EndGlobalSection
	GlobalSection(ProjectConfigurationPlatforms) = postSolution
		{74966522-56E1-4156-88AA-FF52F0ECA6AE}.CD_ROM|Any CPU.ActiveCfg = Release|Any CPU
		{74966522-56E1-4156-88AA-FF52F0ECA6AE}.CD_ROM|Any CPU.Build.0 = Release|Any CPU
		{74966522-56E1-4156-88AA-FF52F0ECA6AE}.CD_ROM|ARM.ActiveCfg = Debug|Any CPU
		{74966522-56E1-4156-88AA-FF52F0ECA6AE}.CD_ROM|ARM.Build.0 = Debug|Any CPU
		{74966522-56E1-4156-88AA-FF52F0ECA6AE}.CD_ROM|ARM64.ActiveCfg = Debug|Any CPU
		{74966522-56E1-4156-88AA-FF52F0ECA6AE}.CD_ROM|ARM64.Build.0 = Debug|Any CPU
		{74966522-56E1-4156-88AA-FF52F0ECA6AE}.CD_ROM|Mixed Platforms.ActiveCfg = Release|Any CPU
		{74966522-56E1-4156-88AA-FF52F0ECA6AE}.CD_ROM|Mixed Platforms.Build.0 = Release|Any CPU
		{74966522-56E1-4156-88AA-FF52F0ECA6AE}.CD_ROM|x64.ActiveCfg = Debug|Any CPU
		{74966522-56E1-4156-88AA-FF52F0ECA6AE}.CD_ROM|x64.Build.0 = Debug|Any CPU
		{74966522-56E1-4156-88AA-FF52F0ECA6AE}.CD_ROM|x86.ActiveCfg = Release|Any CPU
		{74966522-56E1-4156-88AA-FF52F0ECA6AE}.Debug|Any CPU.ActiveCfg = Debug|Any CPU
		{74966522-56E1-4156-88AA-FF52F0ECA6AE}.Debug|Any CPU.Build.0 = Debug|Any CPU
		{74966522-56E1-4156-88AA-FF52F0ECA6AE}.Debug|ARM.ActiveCfg = Debug|Any CPU
		{74966522-56E1-4156-88AA-FF52F0ECA6AE}.Debug|ARM.Build.0 = Debug|Any CPU
		{74966522-56E1-4156-88AA-FF52F0ECA6AE}.Debug|ARM64.ActiveCfg = Debug|Any CPU
		{74966522-56E1-4156-88AA-FF52F0ECA6AE}.Debug|ARM64.Build.0 = Debug|Any CPU
		{74966522-56E1-4156-88AA-FF52F0ECA6AE}.Debug|Mixed Platforms.ActiveCfg = Debug|Any CPU
		{74966522-56E1-4156-88AA-FF52F0ECA6AE}.Debug|Mixed Platforms.Build.0 = Debug|Any CPU
		{74966522-56E1-4156-88AA-FF52F0ECA6AE}.Debug|x64.ActiveCfg = Debug|Any CPU
		{74966522-56E1-4156-88AA-FF52F0ECA6AE}.Debug|x64.Build.0 = Debug|Any CPU
		{74966522-56E1-4156-88AA-FF52F0ECA6AE}.Debug|x86.ActiveCfg = Debug|Any CPU
		{74966522-56E1-4156-88AA-FF52F0ECA6AE}.DVD-5|Any CPU.ActiveCfg = Debug|Any CPU
		{74966522-56E1-4156-88AA-FF52F0ECA6AE}.DVD-5|Any CPU.Build.0 = Debug|Any CPU
		{74966522-56E1-4156-88AA-FF52F0ECA6AE}.DVD-5|ARM.ActiveCfg = Debug|Any CPU
		{74966522-56E1-4156-88AA-FF52F0ECA6AE}.DVD-5|ARM.Build.0 = Debug|Any CPU
		{74966522-56E1-4156-88AA-FF52F0ECA6AE}.DVD-5|ARM64.ActiveCfg = Debug|Any CPU
		{74966522-56E1-4156-88AA-FF52F0ECA6AE}.DVD-5|ARM64.Build.0 = Debug|Any CPU
		{74966522-56E1-4156-88AA-FF52F0ECA6AE}.DVD-5|Mixed Platforms.ActiveCfg = Debug|Any CPU
		{74966522-56E1-4156-88AA-FF52F0ECA6AE}.DVD-5|Mixed Platforms.Build.0 = Debug|Any CPU
		{74966522-56E1-4156-88AA-FF52F0ECA6AE}.DVD-5|x64.ActiveCfg = Debug|Any CPU
		{74966522-56E1-4156-88AA-FF52F0ECA6AE}.DVD-5|x64.Build.0 = Debug|Any CPU
		{74966522-56E1-4156-88AA-FF52F0ECA6AE}.DVD-5|x86.ActiveCfg = Debug|Any CPU
		{74966522-56E1-4156-88AA-FF52F0ECA6AE}.Release|Any CPU.ActiveCfg = Release|Any CPU
		{74966522-56E1-4156-88AA-FF52F0ECA6AE}.Release|Any CPU.Build.0 = Release|Any CPU
		{74966522-56E1-4156-88AA-FF52F0ECA6AE}.Release|ARM.ActiveCfg = Release|Any CPU
		{74966522-56E1-4156-88AA-FF52F0ECA6AE}.Release|ARM.Build.0 = Release|Any CPU
		{74966522-56E1-4156-88AA-FF52F0ECA6AE}.Release|ARM64.ActiveCfg = Release|Any CPU
		{74966522-56E1-4156-88AA-FF52F0ECA6AE}.Release|ARM64.Build.0 = Release|Any CPU
		{74966522-56E1-4156-88AA-FF52F0ECA6AE}.Release|Mixed Platforms.ActiveCfg = Release|Any CPU
		{74966522-56E1-4156-88AA-FF52F0ECA6AE}.Release|Mixed Platforms.Build.0 = Release|Any CPU
		{74966522-56E1-4156-88AA-FF52F0ECA6AE}.Release|x64.ActiveCfg = Release|Any CPU
		{74966522-56E1-4156-88AA-FF52F0ECA6AE}.Release|x64.Build.0 = Release|Any CPU
		{74966522-56E1-4156-88AA-FF52F0ECA6AE}.Release|x86.ActiveCfg = Release|Any CPU
		{74966522-56E1-4156-88AA-FF52F0ECA6AE}.SingleImage|Any CPU.ActiveCfg = Release|Any CPU
		{74966522-56E1-4156-88AA-FF52F0ECA6AE}.SingleImage|Any CPU.Build.0 = Release|Any CPU
		{74966522-56E1-4156-88AA-FF52F0ECA6AE}.SingleImage|ARM.ActiveCfg = Debug|Any CPU
		{74966522-56E1-4156-88AA-FF52F0ECA6AE}.SingleImage|ARM.Build.0 = Debug|Any CPU
		{74966522-56E1-4156-88AA-FF52F0ECA6AE}.SingleImage|ARM64.ActiveCfg = Debug|Any CPU
		{74966522-56E1-4156-88AA-FF52F0ECA6AE}.SingleImage|ARM64.Build.0 = Debug|Any CPU
		{74966522-56E1-4156-88AA-FF52F0ECA6AE}.SingleImage|Mixed Platforms.ActiveCfg = Release|Any CPU
		{74966522-56E1-4156-88AA-FF52F0ECA6AE}.SingleImage|Mixed Platforms.Build.0 = Release|Any CPU
		{74966522-56E1-4156-88AA-FF52F0ECA6AE}.SingleImage|x64.ActiveCfg = Debug|Any CPU
		{74966522-56E1-4156-88AA-FF52F0ECA6AE}.SingleImage|x64.Build.0 = Debug|Any CPU
		{74966522-56E1-4156-88AA-FF52F0ECA6AE}.SingleImage|x86.ActiveCfg = Release|Any CPU
		{0444AB22-C66A-4FE4-8942-4AD9650BE1B6}.CD_ROM|Any CPU.ActiveCfg = Release|Any CPU
		{0444AB22-C66A-4FE4-8942-4AD9650BE1B6}.CD_ROM|Any CPU.Build.0 = Release|Any CPU
		{0444AB22-C66A-4FE4-8942-4AD9650BE1B6}.CD_ROM|ARM.ActiveCfg = Debug|Any CPU
		{0444AB22-C66A-4FE4-8942-4AD9650BE1B6}.CD_ROM|ARM.Build.0 = Debug|Any CPU
		{0444AB22-C66A-4FE4-8942-4AD9650BE1B6}.CD_ROM|ARM64.ActiveCfg = Debug|Any CPU
		{0444AB22-C66A-4FE4-8942-4AD9650BE1B6}.CD_ROM|ARM64.Build.0 = Debug|Any CPU
		{0444AB22-C66A-4FE4-8942-4AD9650BE1B6}.CD_ROM|Mixed Platforms.ActiveCfg = Release|Any CPU
		{0444AB22-C66A-4FE4-8942-4AD9650BE1B6}.CD_ROM|Mixed Platforms.Build.0 = Release|Any CPU
		{0444AB22-C66A-4FE4-8942-4AD9650BE1B6}.CD_ROM|x64.ActiveCfg = Debug|Any CPU
		{0444AB22-C66A-4FE4-8942-4AD9650BE1B6}.CD_ROM|x64.Build.0 = Debug|Any CPU
		{0444AB22-C66A-4FE4-8942-4AD9650BE1B6}.CD_ROM|x86.ActiveCfg = Release|Any CPU
		{0444AB22-C66A-4FE4-8942-4AD9650BE1B6}.Debug|Any CPU.ActiveCfg = Debug|Any CPU
		{0444AB22-C66A-4FE4-8942-4AD9650BE1B6}.Debug|Any CPU.Build.0 = Debug|Any CPU
		{0444AB22-C66A-4FE4-8942-4AD9650BE1B6}.Debug|ARM.ActiveCfg = Debug|Any CPU
		{0444AB22-C66A-4FE4-8942-4AD9650BE1B6}.Debug|ARM.Build.0 = Debug|Any CPU
		{0444AB22-C66A-4FE4-8942-4AD9650BE1B6}.Debug|ARM64.ActiveCfg = Debug|Any CPU
		{0444AB22-C66A-4FE4-8942-4AD9650BE1B6}.Debug|ARM64.Build.0 = Debug|Any CPU
		{0444AB22-C66A-4FE4-8942-4AD9650BE1B6}.Debug|Mixed Platforms.ActiveCfg = Debug|Any CPU
		{0444AB22-C66A-4FE4-8942-4AD9650BE1B6}.Debug|Mixed Platforms.Build.0 = Debug|Any CPU
		{0444AB22-C66A-4FE4-8942-4AD9650BE1B6}.Debug|x64.ActiveCfg = Debug|Any CPU
		{0444AB22-C66A-4FE4-8942-4AD9650BE1B6}.Debug|x64.Build.0 = Debug|Any CPU
		{0444AB22-C66A-4FE4-8942-4AD9650BE1B6}.Debug|x86.ActiveCfg = Debug|Any CPU
		{0444AB22-C66A-4FE4-8942-4AD9650BE1B6}.DVD-5|Any CPU.ActiveCfg = Debug|Any CPU
		{0444AB22-C66A-4FE4-8942-4AD9650BE1B6}.DVD-5|Any CPU.Build.0 = Debug|Any CPU
		{0444AB22-C66A-4FE4-8942-4AD9650BE1B6}.DVD-5|ARM.ActiveCfg = Debug|Any CPU
		{0444AB22-C66A-4FE4-8942-4AD9650BE1B6}.DVD-5|ARM.Build.0 = Debug|Any CPU
		{0444AB22-C66A-4FE4-8942-4AD9650BE1B6}.DVD-5|ARM64.ActiveCfg = Debug|Any CPU
		{0444AB22-C66A-4FE4-8942-4AD9650BE1B6}.DVD-5|ARM64.Build.0 = Debug|Any CPU
		{0444AB22-C66A-4FE4-8942-4AD9650BE1B6}.DVD-5|Mixed Platforms.ActiveCfg = Debug|Any CPU
		{0444AB22-C66A-4FE4-8942-4AD9650BE1B6}.DVD-5|Mixed Platforms.Build.0 = Debug|Any CPU
		{0444AB22-C66A-4FE4-8942-4AD9650BE1B6}.DVD-5|x64.ActiveCfg = Debug|Any CPU
		{0444AB22-C66A-4FE4-8942-4AD9650BE1B6}.DVD-5|x64.Build.0 = Debug|Any CPU
		{0444AB22-C66A-4FE4-8942-4AD9650BE1B6}.DVD-5|x86.ActiveCfg = Debug|Any CPU
		{0444AB22-C66A-4FE4-8942-4AD9650BE1B6}.Release|Any CPU.ActiveCfg = Release|Any CPU
		{0444AB22-C66A-4FE4-8942-4AD9650BE1B6}.Release|Any CPU.Build.0 = Release|Any CPU
		{0444AB22-C66A-4FE4-8942-4AD9650BE1B6}.Release|ARM.ActiveCfg = Release|Any CPU
		{0444AB22-C66A-4FE4-8942-4AD9650BE1B6}.Release|ARM.Build.0 = Release|Any CPU
		{0444AB22-C66A-4FE4-8942-4AD9650BE1B6}.Release|ARM64.ActiveCfg = Release|Any CPU
		{0444AB22-C66A-4FE4-8942-4AD9650BE1B6}.Release|ARM64.Build.0 = Release|Any CPU
		{0444AB22-C66A-4FE4-8942-4AD9650BE1B6}.Release|Mixed Platforms.ActiveCfg = Release|Any CPU
		{0444AB22-C66A-4FE4-8942-4AD9650BE1B6}.Release|Mixed Platforms.Build.0 = Release|Any CPU
		{0444AB22-C66A-4FE4-8942-4AD9650BE1B6}.Release|x64.ActiveCfg = Release|Any CPU
		{0444AB22-C66A-4FE4-8942-4AD9650BE1B6}.Release|x64.Build.0 = Release|Any CPU
		{0444AB22-C66A-4FE4-8942-4AD9650BE1B6}.Release|x86.ActiveCfg = Release|Any CPU
		{0444AB22-C66A-4FE4-8942-4AD9650BE1B6}.SingleImage|Any CPU.ActiveCfg = Release|Any CPU
		{0444AB22-C66A-4FE4-8942-4AD9650BE1B6}.SingleImage|Any CPU.Build.0 = Release|Any CPU
		{0444AB22-C66A-4FE4-8942-4AD9650BE1B6}.SingleImage|ARM.ActiveCfg = Debug|Any CPU
		{0444AB22-C66A-4FE4-8942-4AD9650BE1B6}.SingleImage|ARM.Build.0 = Debug|Any CPU
		{0444AB22-C66A-4FE4-8942-4AD9650BE1B6}.SingleImage|ARM64.ActiveCfg = Debug|Any CPU
		{0444AB22-C66A-4FE4-8942-4AD9650BE1B6}.SingleImage|ARM64.Build.0 = Debug|Any CPU
		{0444AB22-C66A-4FE4-8942-4AD9650BE1B6}.SingleImage|Mixed Platforms.ActiveCfg = Release|Any CPU
		{0444AB22-C66A-4FE4-8942-4AD9650BE1B6}.SingleImage|Mixed Platforms.Build.0 = Release|Any CPU
		{0444AB22-C66A-4FE4-8942-4AD9650BE1B6}.SingleImage|x64.ActiveCfg = Debug|Any CPU
		{0444AB22-C66A-4FE4-8942-4AD9650BE1B6}.SingleImage|x64.Build.0 = Debug|Any CPU
		{0444AB22-C66A-4FE4-8942-4AD9650BE1B6}.SingleImage|x86.ActiveCfg = Release|Any CPU
		{5B1BF0B0-8E26-44EE-AB41-AFED741F8AE3}.CD_ROM|Any CPU.ActiveCfg = Release|Any CPU
		{5B1BF0B0-8E26-44EE-AB41-AFED741F8AE3}.CD_ROM|Any CPU.Build.0 = Release|Any CPU
		{5B1BF0B0-8E26-44EE-AB41-AFED741F8AE3}.CD_ROM|ARM.ActiveCfg = Debug|Any CPU
		{5B1BF0B0-8E26-44EE-AB41-AFED741F8AE3}.CD_ROM|ARM.Build.0 = Debug|Any CPU
		{5B1BF0B0-8E26-44EE-AB41-AFED741F8AE3}.CD_ROM|ARM64.ActiveCfg = Debug|Any CPU
		{5B1BF0B0-8E26-44EE-AB41-AFED741F8AE3}.CD_ROM|ARM64.Build.0 = Debug|Any CPU
		{5B1BF0B0-8E26-44EE-AB41-AFED741F8AE3}.CD_ROM|Mixed Platforms.ActiveCfg = Release|Any CPU
		{5B1BF0B0-8E26-44EE-AB41-AFED741F8AE3}.CD_ROM|Mixed Platforms.Build.0 = Release|Any CPU
		{5B1BF0B0-8E26-44EE-AB41-AFED741F8AE3}.CD_ROM|x64.ActiveCfg = Debug|Any CPU
		{5B1BF0B0-8E26-44EE-AB41-AFED741F8AE3}.CD_ROM|x64.Build.0 = Debug|Any CPU
		{5B1BF0B0-8E26-44EE-AB41-AFED741F8AE3}.CD_ROM|x86.ActiveCfg = Release|Any CPU
		{5B1BF0B0-8E26-44EE-AB41-AFED741F8AE3}.Debug|Any CPU.ActiveCfg = Debug|Any CPU
		{5B1BF0B0-8E26-44EE-AB41-AFED741F8AE3}.Debug|Any CPU.Build.0 = Debug|Any CPU
		{5B1BF0B0-8E26-44EE-AB41-AFED741F8AE3}.Debug|ARM.ActiveCfg = Debug|Any CPU
		{5B1BF0B0-8E26-44EE-AB41-AFED741F8AE3}.Debug|ARM.Build.0 = Debug|Any CPU
		{5B1BF0B0-8E26-44EE-AB41-AFED741F8AE3}.Debug|ARM64.ActiveCfg = Debug|Any CPU
		{5B1BF0B0-8E26-44EE-AB41-AFED741F8AE3}.Debug|ARM64.Build.0 = Debug|Any CPU
		{5B1BF0B0-8E26-44EE-AB41-AFED741F8AE3}.Debug|Mixed Platforms.ActiveCfg = Debug|Any CPU
		{5B1BF0B0-8E26-44EE-AB41-AFED741F8AE3}.Debug|Mixed Platforms.Build.0 = Debug|Any CPU
		{5B1BF0B0-8E26-44EE-AB41-AFED741F8AE3}.Debug|x64.ActiveCfg = Debug|Any CPU
		{5B1BF0B0-8E26-44EE-AB41-AFED741F8AE3}.Debug|x64.Build.0 = Debug|Any CPU
		{5B1BF0B0-8E26-44EE-AB41-AFED741F8AE3}.Debug|x86.ActiveCfg = Debug|Any CPU
		{5B1BF0B0-8E26-44EE-AB41-AFED741F8AE3}.DVD-5|Any CPU.ActiveCfg = Debug|Any CPU
		{5B1BF0B0-8E26-44EE-AB41-AFED741F8AE3}.DVD-5|Any CPU.Build.0 = Debug|Any CPU
		{5B1BF0B0-8E26-44EE-AB41-AFED741F8AE3}.DVD-5|ARM.ActiveCfg = Debug|Any CPU
		{5B1BF0B0-8E26-44EE-AB41-AFED741F8AE3}.DVD-5|ARM.Build.0 = Debug|Any CPU
		{5B1BF0B0-8E26-44EE-AB41-AFED741F8AE3}.DVD-5|ARM64.ActiveCfg = Debug|Any CPU
		{5B1BF0B0-8E26-44EE-AB41-AFED741F8AE3}.DVD-5|ARM64.Build.0 = Debug|Any CPU
		{5B1BF0B0-8E26-44EE-AB41-AFED741F8AE3}.DVD-5|Mixed Platforms.ActiveCfg = Debug|Any CPU
		{5B1BF0B0-8E26-44EE-AB41-AFED741F8AE3}.DVD-5|Mixed Platforms.Build.0 = Debug|Any CPU
		{5B1BF0B0-8E26-44EE-AB41-AFED741F8AE3}.DVD-5|x64.ActiveCfg = Debug|Any CPU
		{5B1BF0B0-8E26-44EE-AB41-AFED741F8AE3}.DVD-5|x64.Build.0 = Debug|Any CPU
		{5B1BF0B0-8E26-44EE-AB41-AFED741F8AE3}.DVD-5|x86.ActiveCfg = Debug|Any CPU
		{5B1BF0B0-8E26-44EE-AB41-AFED741F8AE3}.Release|Any CPU.ActiveCfg = Release|Any CPU
		{5B1BF0B0-8E26-44EE-AB41-AFED741F8AE3}.Release|Any CPU.Build.0 = Release|Any CPU
		{5B1BF0B0-8E26-44EE-AB41-AFED741F8AE3}.Release|ARM.ActiveCfg = Release|Any CPU
		{5B1BF0B0-8E26-44EE-AB41-AFED741F8AE3}.Release|ARM.Build.0 = Release|Any CPU
		{5B1BF0B0-8E26-44EE-AB41-AFED741F8AE3}.Release|ARM64.ActiveCfg = Release|Any CPU
		{5B1BF0B0-8E26-44EE-AB41-AFED741F8AE3}.Release|ARM64.Build.0 = Release|Any CPU
		{5B1BF0B0-8E26-44EE-AB41-AFED741F8AE3}.Release|Mixed Platforms.ActiveCfg = Release|Any CPU
		{5B1BF0B0-8E26-44EE-AB41-AFED741F8AE3}.Release|Mixed Platforms.Build.0 = Release|Any CPU
		{5B1BF0B0-8E26-44EE-AB41-AFED741F8AE3}.Release|x64.ActiveCfg = Release|Any CPU
		{5B1BF0B0-8E26-44EE-AB41-AFED741F8AE3}.Release|x64.Build.0 = Release|Any CPU
		{5B1BF0B0-8E26-44EE-AB41-AFED741F8AE3}.Release|x86.ActiveCfg = Release|Any CPU
		{5B1BF0B0-8E26-44EE-AB41-AFED741F8AE3}.SingleImage|Any CPU.ActiveCfg = Release|Any CPU
		{5B1BF0B0-8E26-44EE-AB41-AFED741F8AE3}.SingleImage|Any CPU.Build.0 = Release|Any CPU
		{5B1BF0B0-8E26-44EE-AB41-AFED741F8AE3}.SingleImage|ARM.ActiveCfg = Debug|Any CPU
		{5B1BF0B0-8E26-44EE-AB41-AFED741F8AE3}.SingleImage|ARM.Build.0 = Debug|Any CPU
		{5B1BF0B0-8E26-44EE-AB41-AFED741F8AE3}.SingleImage|ARM64.ActiveCfg = Debug|Any CPU
		{5B1BF0B0-8E26-44EE-AB41-AFED741F8AE3}.SingleImage|ARM64.Build.0 = Debug|Any CPU
		{5B1BF0B0-8E26-44EE-AB41-AFED741F8AE3}.SingleImage|Mixed Platforms.ActiveCfg = Release|Any CPU
		{5B1BF0B0-8E26-44EE-AB41-AFED741F8AE3}.SingleImage|Mixed Platforms.Build.0 = Release|Any CPU
		{5B1BF0B0-8E26-44EE-AB41-AFED741F8AE3}.SingleImage|x64.ActiveCfg = Debug|Any CPU
		{5B1BF0B0-8E26-44EE-AB41-AFED741F8AE3}.SingleImage|x64.Build.0 = Debug|Any CPU
		{5B1BF0B0-8E26-44EE-AB41-AFED741F8AE3}.SingleImage|x86.ActiveCfg = Release|Any CPU
		{A92BE767-6396-4855-BF82-56C958E65991}.CD_ROM|Any CPU.ActiveCfg = Release|x86
		{A92BE767-6396-4855-BF82-56C958E65991}.CD_ROM|ARM.ActiveCfg = Debug|x86
		{A92BE767-6396-4855-BF82-56C958E65991}.CD_ROM|ARM.Build.0 = Debug|x86
		{A92BE767-6396-4855-BF82-56C958E65991}.CD_ROM|ARM64.ActiveCfg = Debug|x86
		{A92BE767-6396-4855-BF82-56C958E65991}.CD_ROM|ARM64.Build.0 = Debug|x86
		{A92BE767-6396-4855-BF82-56C958E65991}.CD_ROM|Mixed Platforms.ActiveCfg = Release|x86
		{A92BE767-6396-4855-BF82-56C958E65991}.CD_ROM|Mixed Platforms.Build.0 = Release|x86
		{A92BE767-6396-4855-BF82-56C958E65991}.CD_ROM|x64.ActiveCfg = Debug|x86
		{A92BE767-6396-4855-BF82-56C958E65991}.CD_ROM|x64.Build.0 = Debug|x86
		{A92BE767-6396-4855-BF82-56C958E65991}.CD_ROM|x86.ActiveCfg = Release|x86
		{A92BE767-6396-4855-BF82-56C958E65991}.CD_ROM|x86.Build.0 = Release|x86
		{A92BE767-6396-4855-BF82-56C958E65991}.Debug|Any CPU.ActiveCfg = Debug|x86
		{A92BE767-6396-4855-BF82-56C958E65991}.Debug|ARM.ActiveCfg = Debug|x86
		{A92BE767-6396-4855-BF82-56C958E65991}.Debug|ARM.Build.0 = Debug|x86
		{A92BE767-6396-4855-BF82-56C958E65991}.Debug|ARM64.ActiveCfg = Debug|x86
		{A92BE767-6396-4855-BF82-56C958E65991}.Debug|ARM64.Build.0 = Debug|x86
		{A92BE767-6396-4855-BF82-56C958E65991}.Debug|Mixed Platforms.ActiveCfg = Debug|x86
		{A92BE767-6396-4855-BF82-56C958E65991}.Debug|Mixed Platforms.Build.0 = Debug|x86
		{A92BE767-6396-4855-BF82-56C958E65991}.Debug|x64.ActiveCfg = Debug|x86
		{A92BE767-6396-4855-BF82-56C958E65991}.Debug|x64.Build.0 = Debug|x86
		{A92BE767-6396-4855-BF82-56C958E65991}.Debug|x86.ActiveCfg = Debug|x86
		{A92BE767-6396-4855-BF82-56C958E65991}.Debug|x86.Build.0 = Debug|x86
		{A92BE767-6396-4855-BF82-56C958E65991}.DVD-5|Any CPU.ActiveCfg = Debug|x86
		{A92BE767-6396-4855-BF82-56C958E65991}.DVD-5|ARM.ActiveCfg = Debug|x86
		{A92BE767-6396-4855-BF82-56C958E65991}.DVD-5|ARM.Build.0 = Debug|x86
		{A92BE767-6396-4855-BF82-56C958E65991}.DVD-5|ARM64.ActiveCfg = Debug|x86
		{A92BE767-6396-4855-BF82-56C958E65991}.DVD-5|ARM64.Build.0 = Debug|x86
		{A92BE767-6396-4855-BF82-56C958E65991}.DVD-5|Mixed Platforms.ActiveCfg = Debug|x86
		{A92BE767-6396-4855-BF82-56C958E65991}.DVD-5|Mixed Platforms.Build.0 = Debug|x86
		{A92BE767-6396-4855-BF82-56C958E65991}.DVD-5|x64.ActiveCfg = Debug|x86
		{A92BE767-6396-4855-BF82-56C958E65991}.DVD-5|x64.Build.0 = Debug|x86
		{A92BE767-6396-4855-BF82-56C958E65991}.DVD-5|x86.ActiveCfg = Debug|x86
		{A92BE767-6396-4855-BF82-56C958E65991}.DVD-5|x86.Build.0 = Debug|x86
		{A92BE767-6396-4855-BF82-56C958E65991}.Release|Any CPU.ActiveCfg = Release|x86
		{A92BE767-6396-4855-BF82-56C958E65991}.Release|ARM.ActiveCfg = Release|x86
		{A92BE767-6396-4855-BF82-56C958E65991}.Release|ARM.Build.0 = Release|x86
		{A92BE767-6396-4855-BF82-56C958E65991}.Release|ARM64.ActiveCfg = Release|x86
		{A92BE767-6396-4855-BF82-56C958E65991}.Release|ARM64.Build.0 = Release|x86
		{A92BE767-6396-4855-BF82-56C958E65991}.Release|Mixed Platforms.ActiveCfg = Release|x86
		{A92BE767-6396-4855-BF82-56C958E65991}.Release|Mixed Platforms.Build.0 = Release|x86
		{A92BE767-6396-4855-BF82-56C958E65991}.Release|x64.ActiveCfg = Release|x86
		{A92BE767-6396-4855-BF82-56C958E65991}.Release|x64.Build.0 = Release|x86
		{A92BE767-6396-4855-BF82-56C958E65991}.Release|x86.ActiveCfg = Release|x86
		{A92BE767-6396-4855-BF82-56C958E65991}.Release|x86.Build.0 = Release|x86
		{A92BE767-6396-4855-BF82-56C958E65991}.SingleImage|Any CPU.ActiveCfg = Release|x86
		{A92BE767-6396-4855-BF82-56C958E65991}.SingleImage|ARM.ActiveCfg = Debug|x86
		{A92BE767-6396-4855-BF82-56C958E65991}.SingleImage|ARM.Build.0 = Debug|x86
		{A92BE767-6396-4855-BF82-56C958E65991}.SingleImage|ARM64.ActiveCfg = Debug|x86
		{A92BE767-6396-4855-BF82-56C958E65991}.SingleImage|ARM64.Build.0 = Debug|x86
		{A92BE767-6396-4855-BF82-56C958E65991}.SingleImage|Mixed Platforms.ActiveCfg = Release|x86
		{A92BE767-6396-4855-BF82-56C958E65991}.SingleImage|Mixed Platforms.Build.0 = Release|x86
		{A92BE767-6396-4855-BF82-56C958E65991}.SingleImage|x64.ActiveCfg = Debug|x86
		{A92BE767-6396-4855-BF82-56C958E65991}.SingleImage|x64.Build.0 = Debug|x86
		{A92BE767-6396-4855-BF82-56C958E65991}.SingleImage|x86.ActiveCfg = Release|x86
		{A92BE767-6396-4855-BF82-56C958E65991}.SingleImage|x86.Build.0 = Release|x86
		{705A9203-456D-4F19-8B23-B4C873E87778}.CD_ROM|Any CPU.ActiveCfg = Release|Any CPU
		{705A9203-456D-4F19-8B23-B4C873E87778}.CD_ROM|Any CPU.Build.0 = Release|Any CPU
		{705A9203-456D-4F19-8B23-B4C873E87778}.CD_ROM|Any CPU.Deploy.0 = Release|Any CPU
		{705A9203-456D-4F19-8B23-B4C873E87778}.CD_ROM|ARM.ActiveCfg = Debug|ARM
		{705A9203-456D-4F19-8B23-B4C873E87778}.CD_ROM|ARM.Build.0 = Debug|ARM
		{705A9203-456D-4F19-8B23-B4C873E87778}.CD_ROM|ARM.Deploy.0 = Debug|ARM
		{705A9203-456D-4F19-8B23-B4C873E87778}.CD_ROM|ARM64.ActiveCfg = Debug|ARM64
		{705A9203-456D-4F19-8B23-B4C873E87778}.CD_ROM|ARM64.Build.0 = Debug|ARM64
		{705A9203-456D-4F19-8B23-B4C873E87778}.CD_ROM|ARM64.Deploy.0 = Debug|ARM64
		{705A9203-456D-4F19-8B23-B4C873E87778}.CD_ROM|Mixed Platforms.ActiveCfg = Debug|x64
		{705A9203-456D-4F19-8B23-B4C873E87778}.CD_ROM|Mixed Platforms.Build.0 = Debug|x64
		{705A9203-456D-4F19-8B23-B4C873E87778}.CD_ROM|Mixed Platforms.Deploy.0 = Debug|x64
		{705A9203-456D-4F19-8B23-B4C873E87778}.CD_ROM|x64.ActiveCfg = Debug|x64
		{705A9203-456D-4F19-8B23-B4C873E87778}.CD_ROM|x64.Build.0 = Debug|x64
		{705A9203-456D-4F19-8B23-B4C873E87778}.CD_ROM|x64.Deploy.0 = Debug|x64
		{705A9203-456D-4F19-8B23-B4C873E87778}.CD_ROM|x86.ActiveCfg = Debug|x86
		{705A9203-456D-4F19-8B23-B4C873E87778}.CD_ROM|x86.Build.0 = Debug|x86
		{705A9203-456D-4F19-8B23-B4C873E87778}.CD_ROM|x86.Deploy.0 = Debug|x86
		{705A9203-456D-4F19-8B23-B4C873E87778}.Debug|Any CPU.ActiveCfg = Debug|Any CPU
		{705A9203-456D-4F19-8B23-B4C873E87778}.Debug|Any CPU.Build.0 = Debug|Any CPU
		{705A9203-456D-4F19-8B23-B4C873E87778}.Debug|Any CPU.Deploy.0 = Debug|Any CPU
		{705A9203-456D-4F19-8B23-B4C873E87778}.Debug|ARM.ActiveCfg = Debug|ARM
		{705A9203-456D-4F19-8B23-B4C873E87778}.Debug|ARM.Build.0 = Debug|ARM
		{705A9203-456D-4F19-8B23-B4C873E87778}.Debug|ARM.Deploy.0 = Debug|ARM
		{705A9203-456D-4F19-8B23-B4C873E87778}.Debug|ARM64.ActiveCfg = Debug|ARM64
		{705A9203-456D-4F19-8B23-B4C873E87778}.Debug|ARM64.Build.0 = Debug|ARM64
		{705A9203-456D-4F19-8B23-B4C873E87778}.Debug|ARM64.Deploy.0 = Debug|ARM64
		{705A9203-456D-4F19-8B23-B4C873E87778}.Debug|Mixed Platforms.ActiveCfg = Debug|x64
		{705A9203-456D-4F19-8B23-B4C873E87778}.Debug|Mixed Platforms.Build.0 = Debug|x64
		{705A9203-456D-4F19-8B23-B4C873E87778}.Debug|Mixed Platforms.Deploy.0 = Debug|x64
		{705A9203-456D-4F19-8B23-B4C873E87778}.Debug|x64.ActiveCfg = Debug|x64
		{705A9203-456D-4F19-8B23-B4C873E87778}.Debug|x64.Build.0 = Debug|x64
		{705A9203-456D-4F19-8B23-B4C873E87778}.Debug|x64.Deploy.0 = Debug|x64
		{705A9203-456D-4F19-8B23-B4C873E87778}.Debug|x86.ActiveCfg = Debug|x86
		{705A9203-456D-4F19-8B23-B4C873E87778}.Debug|x86.Build.0 = Debug|x86
		{705A9203-456D-4F19-8B23-B4C873E87778}.Debug|x86.Deploy.0 = Debug|x86
		{705A9203-456D-4F19-8B23-B4C873E87778}.DVD-5|Any CPU.ActiveCfg = Debug|Any CPU
		{705A9203-456D-4F19-8B23-B4C873E87778}.DVD-5|Any CPU.Build.0 = Debug|Any CPU
		{705A9203-456D-4F19-8B23-B4C873E87778}.DVD-5|Any CPU.Deploy.0 = Debug|Any CPU
		{705A9203-456D-4F19-8B23-B4C873E87778}.DVD-5|ARM.ActiveCfg = Debug|ARM
		{705A9203-456D-4F19-8B23-B4C873E87778}.DVD-5|ARM.Build.0 = Debug|ARM
		{705A9203-456D-4F19-8B23-B4C873E87778}.DVD-5|ARM.Deploy.0 = Debug|ARM
		{705A9203-456D-4F19-8B23-B4C873E87778}.DVD-5|ARM64.ActiveCfg = Debug|ARM64
		{705A9203-456D-4F19-8B23-B4C873E87778}.DVD-5|ARM64.Build.0 = Debug|ARM64
		{705A9203-456D-4F19-8B23-B4C873E87778}.DVD-5|ARM64.Deploy.0 = Debug|ARM64
		{705A9203-456D-4F19-8B23-B4C873E87778}.DVD-5|Mixed Platforms.ActiveCfg = Debug|x64
		{705A9203-456D-4F19-8B23-B4C873E87778}.DVD-5|Mixed Platforms.Build.0 = Debug|x64
		{705A9203-456D-4F19-8B23-B4C873E87778}.DVD-5|Mixed Platforms.Deploy.0 = Debug|x64
		{705A9203-456D-4F19-8B23-B4C873E87778}.DVD-5|x64.ActiveCfg = Debug|x64
		{705A9203-456D-4F19-8B23-B4C873E87778}.DVD-5|x64.Build.0 = Debug|x64
		{705A9203-456D-4F19-8B23-B4C873E87778}.DVD-5|x64.Deploy.0 = Debug|x64
		{705A9203-456D-4F19-8B23-B4C873E87778}.DVD-5|x86.ActiveCfg = Debug|x86
		{705A9203-456D-4F19-8B23-B4C873E87778}.DVD-5|x86.Build.0 = Debug|x86
		{705A9203-456D-4F19-8B23-B4C873E87778}.DVD-5|x86.Deploy.0 = Debug|x86
		{705A9203-456D-4F19-8B23-B4C873E87778}.Release|Any CPU.ActiveCfg = Release|Any CPU
		{705A9203-456D-4F19-8B23-B4C873E87778}.Release|Any CPU.Build.0 = Release|Any CPU
		{705A9203-456D-4F19-8B23-B4C873E87778}.Release|Any CPU.Deploy.0 = Release|Any CPU
		{705A9203-456D-4F19-8B23-B4C873E87778}.Release|ARM.ActiveCfg = Release|ARM
		{705A9203-456D-4F19-8B23-B4C873E87778}.Release|ARM.Build.0 = Release|ARM
		{705A9203-456D-4F19-8B23-B4C873E87778}.Release|ARM.Deploy.0 = Release|ARM
		{705A9203-456D-4F19-8B23-B4C873E87778}.Release|ARM64.ActiveCfg = Release|ARM64
		{705A9203-456D-4F19-8B23-B4C873E87778}.Release|ARM64.Build.0 = Release|ARM64
		{705A9203-456D-4F19-8B23-B4C873E87778}.Release|ARM64.Deploy.0 = Release|ARM64
		{705A9203-456D-4F19-8B23-B4C873E87778}.Release|Mixed Platforms.ActiveCfg = Release|x64
		{705A9203-456D-4F19-8B23-B4C873E87778}.Release|Mixed Platforms.Build.0 = Release|x64
		{705A9203-456D-4F19-8B23-B4C873E87778}.Release|Mixed Platforms.Deploy.0 = Release|x64
		{705A9203-456D-4F19-8B23-B4C873E87778}.Release|x64.ActiveCfg = Release|x64
		{705A9203-456D-4F19-8B23-B4C873E87778}.Release|x64.Build.0 = Release|x64
		{705A9203-456D-4F19-8B23-B4C873E87778}.Release|x64.Deploy.0 = Release|x64
		{705A9203-456D-4F19-8B23-B4C873E87778}.Release|x86.ActiveCfg = Release|x86
		{705A9203-456D-4F19-8B23-B4C873E87778}.Release|x86.Build.0 = Release|x86
		{705A9203-456D-4F19-8B23-B4C873E87778}.Release|x86.Deploy.0 = Release|x86
		{705A9203-456D-4F19-8B23-B4C873E87778}.SingleImage|Any CPU.ActiveCfg = Release|Any CPU
		{705A9203-456D-4F19-8B23-B4C873E87778}.SingleImage|Any CPU.Build.0 = Release|Any CPU
		{705A9203-456D-4F19-8B23-B4C873E87778}.SingleImage|Any CPU.Deploy.0 = Release|Any CPU
		{705A9203-456D-4F19-8B23-B4C873E87778}.SingleImage|ARM.ActiveCfg = Debug|ARM
		{705A9203-456D-4F19-8B23-B4C873E87778}.SingleImage|ARM.Build.0 = Debug|ARM
		{705A9203-456D-4F19-8B23-B4C873E87778}.SingleImage|ARM.Deploy.0 = Debug|ARM
		{705A9203-456D-4F19-8B23-B4C873E87778}.SingleImage|ARM64.ActiveCfg = Debug|ARM64
		{705A9203-456D-4F19-8B23-B4C873E87778}.SingleImage|ARM64.Build.0 = Debug|ARM64
		{705A9203-456D-4F19-8B23-B4C873E87778}.SingleImage|ARM64.Deploy.0 = Debug|ARM64
		{705A9203-456D-4F19-8B23-B4C873E87778}.SingleImage|Mixed Platforms.ActiveCfg = Debug|x64
		{705A9203-456D-4F19-8B23-B4C873E87778}.SingleImage|Mixed Platforms.Build.0 = Debug|x64
		{705A9203-456D-4F19-8B23-B4C873E87778}.SingleImage|Mixed Platforms.Deploy.0 = Debug|x64
		{705A9203-456D-4F19-8B23-B4C873E87778}.SingleImage|x64.ActiveCfg = Debug|x64
		{705A9203-456D-4F19-8B23-B4C873E87778}.SingleImage|x64.Build.0 = Debug|x64
		{705A9203-456D-4F19-8B23-B4C873E87778}.SingleImage|x64.Deploy.0 = Debug|x64
		{705A9203-456D-4F19-8B23-B4C873E87778}.SingleImage|x86.ActiveCfg = Debug|x86
		{705A9203-456D-4F19-8B23-B4C873E87778}.SingleImage|x86.Build.0 = Debug|x86
		{705A9203-456D-4F19-8B23-B4C873E87778}.SingleImage|x86.Deploy.0 = Debug|x86
	EndGlobalSection
	GlobalSection(SolutionProperties) = preSolution
		HideSolutionNode = FALSE
	EndGlobalSection
	GlobalSection(ExtensibilityGlobals) = postSolution
		SolutionGuid = {9E342A49-F52E-49BA-A623-382AE8A9B6A5}
	EndGlobalSection
EndGlobal
